
Microsoft Visual Studio Solution File, Format Version 12.00
# Visual Studio Version 17
VisualStudioVersion = 17.2.32427.441
MinimumVisualStudioVersion = 10.0.40219.1
Project("{FAE04EC0-301F-11D3-BF4B-00C04F79EFBC}") = "GraphicalizationOfFunctions", "GraphicalizationOfFunctions\GraphicalizationOfFunctions.csproj", "{BD0E80DD-78CF-47A3-86F6-2B6F6D4DF6DA}"
EndProject
Global
	GlobalSection(SolutionConfigurationPlatforms) = preSolution
		Debug|Any CPU = Debug|Any CPU
		Release|Any CPU = Release|Any CPU
	EndGlobalSection
	GlobalSection(ProjectConfigurationPlatforms) = postSolution
		{BD0E80DD-78CF-47A3-86F6-2B6F6D4DF6DA}.Debug|Any CPU.ActiveCfg = Debug|Any CPU
		{BD0E80DD-78CF-47A3-86F6-2B6F6D4DF6DA}.Debug|Any CPU.Build.0 = Debug|Any CPU
		{BD0E80DD-78CF-47A3-86F6-2B6F6D4DF6DA}.Release|Any CPU.ActiveCfg = Release|Any CPU
		{BD0E80DD-78CF-47A3-86F6-2B6F6D4DF6DA}.Release|Any CPU.Build.0 = Release|Any CPU
	EndGlobalSection
	GlobalSection(SolutionProperties) = preSolution
		HideSolutionNode = FALSE
	EndGlobalSection
	GlobalSection(ExtensibilityGlobals) = postSolution
		SolutionGuid = {C6648B63-6A06-444F-806A-2DDBAB8621AA}
	EndGlobalSection
EndGlobal
